// !$*UTF8*$!
{
	archiveVersion = 1;
	classes = {
	};
	objectVersion = 48;
	objects = {

/* Begin PBXBuildFile section */
		CA472C5F1FA5DBB300506F5E /* CustomNavigationViewController.swift in Sources */ = {isa = PBXBuildFile; fileRef = CA472C5E1FA5DBB300506F5E /* CustomNavigationViewController.swift */; };
		CA472C611FA5DE3C00506F5E /* SubMenuViewController.swift in Sources */ = {isa = PBXBuildFile; fileRef = CA472C601FA5DE3C00506F5E /* SubMenuViewController.swift */; };
		CAB8DC841FA4FEA100BE9A1C /* AppDelegate.swift in Sources */ = {isa = PBXBuildFile; fileRef = CAB8DC831FA4FEA100BE9A1C /* AppDelegate.swift */; };
		CAB8DC891FA4FEA100BE9A1C /* Main.storyboard in Resources */ = {isa = PBXBuildFile; fileRef = CAB8DC871FA4FEA100BE9A1C /* Main.storyboard */; };
		CAB8DC8B1FA4FEA100BE9A1C /* Assets.xcassets in Resources */ = {isa = PBXBuildFile; fileRef = CAB8DC8A1FA4FEA100BE9A1C /* Assets.xcassets */; };
		CAB8DC8E1FA4FEA100BE9A1C /* LaunchScreen.storyboard in Resources */ = {isa = PBXBuildFile; fileRef = CAB8DC8C1FA4FEA100BE9A1C /* LaunchScreen.storyboard */; };
		CAB8DC9A1FA4FF9B00BE9A1C /* InitialViewController.swift in Sources */ = {isa = PBXBuildFile; fileRef = CAB8DC991FA4FF9B00BE9A1C /* InitialViewController.swift */; };
		CAB8DC9C1FA4FFE700BE9A1C /* ButtonImageLabelDown.xib in Resources */ = {isa = PBXBuildFile; fileRef = CAB8DC9B1FA4FFE700BE9A1C /* ButtonImageLabelDown.xib */; };
		CAB8DC9E1FA5007A00BE9A1C /* ButtonImageLabelDown.swift in Sources */ = {isa = PBXBuildFile; fileRef = CAB8DC9D1FA5007A00BE9A1C /* ButtonImageLabelDown.swift */; };
/* End PBXBuildFile section */

/* Begin PBXFileReference section */
		CA472C5E1FA5DBB300506F5E /* CustomNavigationViewController.swift */ = {isa = PBXFileReference; lastKnownFileType = sourcecode.swift; path = CustomNavigationViewController.swift; sourceTree = "<group>"; };
		CA472C601FA5DE3C00506F5E /* SubMenuViewController.swift */ = {isa = PBXFileReference; lastKnownFileType = sourcecode.swift; path = SubMenuViewController.swift; sourceTree = "<group>"; };
		CAB8DC801FA4FEA100BE9A1C /* hoytecuento.app */ = {isa = PBXFileReference; explicitFileType = wrapper.application; includeInIndex = 0; path = hoytecuento.app; sourceTree = BUILT_PRODUCTS_DIR; };
		CAB8DC831FA4FEA100BE9A1C /* AppDelegate.swift */ = {isa = PBXFileReference; lastKnownFileType = sourcecode.swift; path = AppDelegate.swift; sourceTree = "<group>"; };
		CAB8DC881FA4FEA100BE9A1C /* Base */ = {isa = PBXFileReference; lastKnownFileType = file.storyboard; name = Base; path = Base.lproj/Main.storyboard; sourceTree = "<group>"; };
		CAB8DC8A1FA4FEA100BE9A1C /* Assets.xcassets */ = {isa = PBXFileReference; lastKnownFileType = folder.assetcatalog; path = Assets.xcassets; sourceTree = "<group>"; };
		CAB8DC8D1FA4FEA100BE9A1C /* Base */ = {isa = PBXFileReference; lastKnownFileType = file.storyboard; name = Base; path = Base.lproj/LaunchScreen.storyboard; sourceTree = "<group>"; };
		CAB8DC8F1FA4FEA100BE9A1C /* Info.plist */ = {isa = PBXFileReference; lastKnownFileType = text.plist.xml; path = Info.plist; sourceTree = "<group>"; };
		CAB8DC991FA4FF9B00BE9A1C /* InitialViewController.swift */ = {isa = PBXFileReference; lastKnownFileType = sourcecode.swift; path = InitialViewController.swift; sourceTree = "<group>"; };
		CAB8DC9B1FA4FFE700BE9A1C /* ButtonImageLabelDown.xib */ = {isa = PBXFileReference; lastKnownFileType = file.xib; path = ButtonImageLabelDown.xib; sourceTree = "<group>"; };
		CAB8DC9D1FA5007A00BE9A1C /* ButtonImageLabelDown.swift */ = {isa = PBXFileReference; lastKnownFileType = sourcecode.swift; path = ButtonImageLabelDown.swift; sourceTree = "<group>"; };
/* End PBXFileReference section */

/* Begin PBXFrameworksBuildPhase section */
		CAB8DC7D1FA4FEA100BE9A1C /* Frameworks */ = {
			isa = PBXFrameworksBuildPhase;
			buildActionMask = 2147483647;
			files = (
			);
			runOnlyForDeploymentPostprocessing = 0;
		};
/* End PBXFrameworksBuildPhase section */

/* Begin PBXGroup section */
		CA472C5D1FA5DB8000506F5E /* Navigation */ = {
			isa = PBXGroup;
			children = (
				CA472C5E1FA5DBB300506F5E /* CustomNavigationViewController.swift */,
			);
			path = Navigation;
			sourceTree = "<group>";
		};
		CAB8DC771FA4FEA100BE9A1C = {
			isa = PBXGroup;
			children = (
				CAB8DC821FA4FEA100BE9A1C /* hoytecuento */,
				CAB8DC811FA4FEA100BE9A1C /* Products */,
			);
			sourceTree = "<group>";
		};
		CAB8DC811FA4FEA100BE9A1C /* Products */ = {
			isa = PBXGroup;
			children = (
				CAB8DC801FA4FEA100BE9A1C /* hoytecuento.app */,
			);
			name = Products;
			sourceTree = "<group>";
		};
		CAB8DC821FA4FEA100BE9A1C /* hoytecuento */ = {
			isa = PBXGroup;
			children = (
				CA472C5D1FA5DB8000506F5E /* Navigation */,
				CAB8DC981FA4FF6500BE9A1C /* Initial */,
				CAB8DC961FA4FF4A00BE9A1C /* Common */,
				CAB8DC951FA4FEB600BE9A1C /* SupportFiles */,
				CAB8DC871FA4FEA100BE9A1C /* Main.storyboard */,
			);
			path = hoytecuento;
			sourceTree = "<group>";
		};
		CAB8DC951FA4FEB600BE9A1C /* SupportFiles */ = {
			isa = PBXGroup;
			children = (
				CAB8DC831FA4FEA100BE9A1C /* AppDelegate.swift */,
				CAB8DC8A1FA4FEA100BE9A1C /* Assets.xcassets */,
				CAB8DC8C1FA4FEA100BE9A1C /* LaunchScreen.storyboard */,
				CAB8DC8F1FA4FEA100BE9A1C /* Info.plist */,
			);
			path = SupportFiles;
			sourceTree = "<group>";
		};
		CAB8DC961FA4FF4A00BE9A1C /* Common */ = {
			isa = PBXGroup;
			children = (
				CAB8DC971FA4FF5600BE9A1C /* CustomView */,
			);
			path = Common;
			sourceTree = "<group>";
		};
		CAB8DC971FA4FF5600BE9A1C /* CustomView */ = {
			isa = PBXGroup;
			children = (
				CAB8DC9B1FA4FFE700BE9A1C /* ButtonImageLabelDown.xib */,
				CAB8DC9D1FA5007A00BE9A1C /* ButtonImageLabelDown.swift */,
			);
			path = CustomView;
			sourceTree = "<group>";
		};
		CAB8DC981FA4FF6500BE9A1C /* Initial */ = {
			isa = PBXGroup;
			children = (
				CAB8DC991FA4FF9B00BE9A1C /* InitialViewController.swift */,
				CA472C601FA5DE3C00506F5E /* SubMenuViewController.swift */,
			);
			path = Initial;
			sourceTree = "<group>";
		};
/* End PBXGroup section */

/* Begin PBXNativeTarget section */
		CAB8DC7F1FA4FEA100BE9A1C /* hoytecuento */ = {
			isa = PBXNativeTarget;
			buildConfigurationList = CAB8DC921FA4FEA100BE9A1C /* Build configuration list for PBXNativeTarget "hoytecuento" */;
			buildPhases = (
				CAB8DC7C1FA4FEA100BE9A1C /* Sources */,
				CAB8DC7D1FA4FEA100BE9A1C /* Frameworks */,
				CAB8DC7E1FA4FEA100BE9A1C /* Resources */,
			);
			buildRules = (
			);
			dependencies = (
			);
			name = hoytecuento;
			productName = hoytecuento;
			productReference = CAB8DC801FA4FEA100BE9A1C /* hoytecuento.app */;
			productType = "com.apple.product-type.application";
		};
/* End PBXNativeTarget section */

/* Begin PBXProject section */
		CAB8DC781FA4FEA100BE9A1C /* Project object */ = {
			isa = PBXProject;
			attributes = {
				LastSwiftUpdateCheck = 0900;
				LastUpgradeCheck = 0900;
				ORGANIZATIONNAME = "Carlos  Cupeiro Durán";
				TargetAttributes = {
					CAB8DC7F1FA4FEA100BE9A1C = {
						CreatedOnToolsVersion = 9.0.1;
						ProvisioningStyle = Automatic;
					};
				};
			};
			buildConfigurationList = CAB8DC7B1FA4FEA100BE9A1C /* Build configuration list for PBXProject "hoytecuento" */;
			compatibilityVersion = "Xcode 8.0";
			developmentRegion = en;
			hasScannedForEncodings = 0;
			knownRegions = (
				en,
				Base,
			);
			mainGroup = CAB8DC771FA4FEA100BE9A1C;
			productRefGroup = CAB8DC811FA4FEA100BE9A1C /* Products */;
			projectDirPath = "";
			projectRoot = "";
			targets = (
				CAB8DC7F1FA4FEA100BE9A1C /* hoytecuento */,
			);
		};
/* End PBXProject section */

/* Begin PBXResourcesBuildPhase section */
		CAB8DC7E1FA4FEA100BE9A1C /* Resources */ = {
			isa = PBXResourcesBuildPhase;
			buildActionMask = 2147483647;
			files = (
				CAB8DC9C1FA4FFE700BE9A1C /* ButtonImageLabelDown.xib in Resources */,
				CAB8DC8E1FA4FEA100BE9A1C /* LaunchScreen.storyboard in Resources */,
				CAB8DC8B1FA4FEA100BE9A1C /* Assets.xcassets in Resources */,
				CAB8DC891FA4FEA100BE9A1C /* Main.storyboard in Resources */,
			);
			runOnlyForDeploymentPostprocessing = 0;
		};
/* End PBXResourcesBuildPhase section */

/* Begin PBXSourcesBuildPhase section */
		CAB8DC7C1FA4FEA100BE9A1C /* Sources */ = {
			isa = PBXSourcesBuildPhase;
			buildActionMask = 2147483647;
			files = (
				CAB8DC9E1FA5007A00BE9A1C /* ButtonImageLabelDown.swift in Sources */,
				CA472C5F1FA5DBB300506F5E /* CustomNavigationViewController.swift in Sources */,
				CAB8DC9A1FA4FF9B00BE9A1C /* InitialViewController.swift in Sources */,
				CAB8DC841FA4FEA100BE9A1C /* AppDelegate.swift in Sources */,
				CA472C611FA5DE3C00506F5E /* SubMenuViewController.swift in Sources */,
			);
			runOnlyForDeploymentPostprocessing = 0;
		};
/* End PBXSourcesBuildPhase section */

/* Begin PBXVariantGroup section */
		CAB8DC871FA4FEA100BE9A1C /* Main.storyboard */ = {
			isa = PBXVariantGroup;
			children = (
				CAB8DC881FA4FEA100BE9A1C /* Base */,
			);
			name = Main.storyboard;
			sourceTree = "<group>";
		};
		CAB8DC8C1FA4FEA100BE9A1C /* LaunchScreen.storyboard */ = {
			isa = PBXVariantGroup;
			children = (
				CAB8DC8D1FA4FEA100BE9A1C /* Base */,
			);
			name = LaunchScreen.storyboard;
			sourceTree = "<group>";
		};
/* End PBXVariantGroup section */

/* Begin XCBuildConfiguration section */
		CAB8DC901FA4FEA100BE9A1C /* Debug */ = {
			isa = XCBuildConfiguration;
			buildSettings = {
				ALWAYS_SEARCH_USER_PATHS = NO;
				CLANG_ANALYZER_NONNULL = YES;
				CLANG_ANALYZER_NUMBER_OBJECT_CONVERSION = YES_AGGRESSIVE;
				CLANG_CXX_LANGUAGE_STANDARD = "gnu++14";
				CLANG_CXX_LIBRARY = "libc++";
				CLANG_ENABLE_MODULES = YES;
				CLANG_ENABLE_OBJC_ARC = YES;
				CLANG_WARN_BLOCK_CAPTURE_AUTORELEASING = YES;
				CLANG_WARN_BOOL_CONVERSION = YES;
				CLANG_WARN_COMMA = YES;
				CLANG_WARN_CONSTANT_CONVERSION = YES;
				CLANG_WARN_DIRECT_OBJC_ISA_USAGE = YES_ERROR;
				CLANG_WARN_DOCUMENTATION_COMMENTS = YES;
				CLANG_WARN_EMPTY_BODY = YES;
				CLANG_WARN_ENUM_CONVERSION = YES;
				CLANG_WARN_INFINITE_RECURSION = YES;
				CLANG_WARN_INT_CONVERSION = YES;
				CLANG_WARN_NON_LITERAL_NULL_CONVERSION = YES;
				CLANG_WARN_OBJC_LITERAL_CONVERSION = YES;
				CLANG_WARN_OBJC_ROOT_CLASS = YES_ERROR;
				CLANG_WARN_RANGE_LOOP_ANALYSIS = YES;
				CLANG_WARN_STRICT_PROTOTYPES = YES;
				CLANG_WARN_SUSPICIOUS_MOVE = YES;
				CLANG_WARN_UNGUARDED_AVAILABILITY = YES_AGGRESSIVE;
				CLANG_WARN_UNREACHABLE_CODE = YES;
				CLANG_WARN__DUPLICATE_METHOD_MATCH = YES;
				CODE_SIGN_IDENTITY = "iPhone Developer";
				COPY_PHASE_STRIP = NO;
				DEBUG_INFORMATION_FORMAT = dwarf;
				ENABLE_STRICT_OBJC_MSGSEND = YES;
				ENABLE_TESTABILITY = YES;
				GCC_C_LANGUAGE_STANDARD = gnu11;
				GCC_DYNAMIC_NO_PIC = NO;
				GCC_NO_COMMON_BLOCKS = YES;
				GCC_OPTIMIZATION_LEVEL = 0;
				GCC_PREPROCESSOR_DEFINITIONS = (
					"DEBUG=1",
					"$(inherited)",
				);
				GCC_WARN_64_TO_32_BIT_CONVERSION = YES;
				GCC_WARN_ABOUT_RETURN_TYPE = YES_ERROR;
				GCC_WARN_UNDECLARED_SELECTOR = YES;
				GCC_WARN_UNINITIALIZED_AUTOS = YES_AGGRESSIVE;
				GCC_WARN_UNUSED_FUNCTION = YES;
				GCC_WARN_UNUSED_VARIABLE = YES;
				IPHONEOS_DEPLOYMENT_TARGET = 11.0;
				MTL_ENABLE_DEBUG_INFO = YES;
				ONLY_ACTIVE_ARCH = YES;
				SDKROOT = iphoneos;
				SWIFT_ACTIVE_COMPILATION_CONDITIONS = DEBUG;
				SWIFT_OPTIMIZATION_LEVEL = "-Onone";
			};
			name = Debug;
		};
		CAB8DC911FA4FEA100BE9A1C /* Release */ = {
			isa = XCBuildConfiguration;
			buildSettings = {
				ALWAYS_SEARCH_USER_PATHS = NO;
				CLANG_ANALYZER_NONNULL = YES;
				CLANG_ANALYZER_NUMBER_OBJECT_CONVERSION = YES_AGGRESSIVE;
				CLANG_CXX_LANGUAGE_STANDARD = "gnu++14";
				CLANG_CXX_LIBRARY = "libc++";
				CLANG_ENABLE_MODULES = YES;
				CLANG_ENABLE_OBJC_ARC = YES;
				CLANG_WARN_BLOCK_CAPTURE_AUTORELEASING = YES;
				CLANG_WARN_BOOL_CONVERSION = YES;
				CLANG_WARN_COMMA = YES;
				CLANG_WARN_CONSTANT_CONVERSION = YES;
				CLANG_WARN_DIRECT_OBJC_ISA_USAGE = YES_ERROR;
				CLANG_WARN_DOCUMENTATION_COMMENTS = YES;
				CLANG_WARN_EMPTY_BODY = YES;
				CLANG_WARN_ENUM_CONVERSION = YES;
				CLANG_WARN_INFINITE_RECURSION = YES;
				CLANG_WARN_INT_CONVERSION = YES;
				CLANG_WARN_NON_LITERAL_NULL_CONVERSION = YES;
				CLANG_WARN_OBJC_LITERAL_CONVERSION = YES;
				CLANG_WARN_OBJC_ROOT_CLASS = YES_ERROR;
				CLANG_WARN_RANGE_LOOP_ANALYSIS = YES;
				CLANG_WARN_STRICT_PROTOTYPES = YES;
				CLANG_WARN_SUSPICIOUS_MOVE = YES;
				CLANG_WARN_UNGUARDED_AVAILABILITY = YES_AGGRESSIVE;
				CLANG_WARN_UNREACHABLE_CODE = YES;
				CLANG_WARN__DUPLICATE_METHOD_MATCH = YES;
				CODE_SIGN_IDENTITY = "iPhone Developer";
				COPY_PHASE_STRIP = NO;
				DEBUG_INFORMATION_FORMAT = "dwarf-with-dsym";
				ENABLE_NS_ASSERTIONS = NO;
				ENABLE_STRICT_OBJC_MSGSEND = YES;
				GCC_C_LANGUAGE_STANDARD = gnu11;
				GCC_NO_COMMON_BLOCKS = YES;
				GCC_WARN_64_TO_32_BIT_CONVERSION = YES;
				GCC_WARN_ABOUT_RETURN_TYPE = YES_ERROR;
				GCC_WARN_UNDECLARED_SELECTOR = YES;
				GCC_WARN_UNINITIALIZED_AUTOS = YES_AGGRESSIVE;
				GCC_WARN_UNUSED_FUNCTION = YES;
				GCC_WARN_UNUSED_VARIABLE = YES;
				IPHONEOS_DEPLOYMENT_TARGET = 11.0;
				MTL_ENABLE_DEBUG_INFO = NO;
				SDKROOT = iphoneos;
				SWIFT_OPTIMIZATION_LEVEL = "-Owholemodule";
				VALIDATE_PRODUCT = YES;
			};
			name = Release;
		};
		CAB8DC931FA4FEA100BE9A1C /* Debug */ = {
			isa = XCBuildConfiguration;
			buildSettings = {
				ASSETCATALOG_COMPILER_APPICON_NAME = AppIcon;
				CODE_SIGN_STYLE = Automatic;
				DEVELOPMENT_TEAM = QWE8HND59P;
				INFOPLIST_FILE = "$(SRCROOT)/hoytecuento/SupportFiles/Info.plist";
				LD_RUNPATH_SEARCH_PATHS = "$(inherited) @executable_path/Frameworks";
				PRODUCT_BUNDLE_IDENTIFIER = com.hoytecuento;
				PRODUCT_NAME = "$(TARGET_NAME)";
				SWIFT_VERSION = 4.0;
				TARGETED_DEVICE_FAMILY = 2;
			};
			name = Debug;
		};
		CAB8DC941FA4FEA100BE9A1C /* Release */ = {
			isa = XCBuildConfiguration;
			buildSettings = {
				ASSETCATALOG_COMPILER_APPICON_NAME = AppIcon;
				CODE_SIGN_STYLE = Automatic;
				DEVELOPMENT_TEAM = QWE8HND59P;
				INFOPLIST_FILE = "$(SRCROOT)/hoytecuento/SupportFiles/Info.plist";
				LD_RUNPATH_SEARCH_PATHS = "$(inherited) @executable_path/Frameworks";
				PRODUCT_BUNDLE_IDENTIFIER = com.hoytecuento;
				PRODUCT_NAME = "$(TARGET_NAME)";
				SWIFT_VERSION = 4.0;
				TARGETED_DEVICE_FAMILY = 2;
			};
			name = Release;
		};
/* End XCBuildConfiguration section */

/* Begin XCConfigurationList section */
		CAB8DC7B1FA4FEA100BE9A1C /* Build configuration list for PBXProject "hoytecuento" */ = {
			isa = XCConfigurationList;
			buildConfigurations = (
				CAB8DC901FA4FEA100BE9A1C /* Debug */,
				CAB8DC911FA4FEA100BE9A1C /* Release */,
			);
			defaultConfigurationIsVisible = 0;
			defaultConfigurationName = Release;
		};
		CAB8DC921FA4FEA100BE9A1C /* Build configuration list for PBXNativeTarget "hoytecuento" */ = {
			isa = XCConfigurationList;
			buildConfigurations = (
				CAB8DC931FA4FEA100BE9A1C /* Debug */,
				CAB8DC941FA4FEA100BE9A1C /* Release */,
			);
			defaultConfigurationIsVisible = 0;
			defaultConfigurationName = Release;
		};
/* End XCConfigurationList section */
	};
	rootObject = CAB8DC781FA4FEA100BE9A1C /* Project object */;
}
